
Microsoft Visual Studio Solution File, Format Version 12.00
# Visual Studio 2013
VisualStudioVersion = 12.0.40629.0
MinimumVisualStudioVersion = 12.0.0.1
Project("{2150E333-8FDC-42A3-9474-1A3956D46DE8}") = "Solution Items", "Solution Items", "{6C103690-C369-475A-9B96-2CB9E4AEE4E3}"
	ProjectSection(SolutionItems) = preProject
		appveyor.yml = appveyor.yml
		CommonAssemblyInfo.cs = CommonAssemblyInfo.cs
		LICENSE.txt = LICENSE.txt
		persimmon.ico = persimmon.ico
		Persimmon.VisualStudio.TestExplorer.snk = Persimmon.VisualStudio.TestExplorer.snk
		README.md = README.md
	EndProjectSection
EndProject
Project("{2150E333-8FDC-42A3-9474-1A3956D46DE8}") = ".nuget", ".nuget", "{BC7C2940-E863-40D4-881E-6421622969B5}"
	ProjectSection(SolutionItems) = preProject
		.nuget\NuGet.Config = .nuget\NuGet.Config
		.nuget\NuGet.exe = .nuget\NuGet.exe
	EndProjectSection
EndProject
Project("{FAE04EC0-301F-11D3-BF4B-00C04F79EFBC}") = "Persimmon.VisualStudio.TestRunner", "Persimmon.VisualStudio.TestRunner\Persimmon.VisualStudio.TestRunner.csproj", "{E7226D5A-7306-41D2-8A30-435728FD604B}"
EndProject
Project("{FAE04EC0-301F-11D3-BF4B-00C04F79EFBC}") = "Persimmon.VisualStudio.TestExplorer", "Persimmon.VisualStudio.TestExplorer\Persimmon.VisualStudio.TestExplorer.csproj", "{4F2D32B2-0CC1-48E2-A186-81188BEB2A64}"
EndProject
Project("{F2A71F9B-5D33-465A-A702-920D77279786}") = "Persimmon.VisualStudio.TestDiscoverer", "Persimmon.VisualStudio.TestDiscoverer\Persimmon.VisualStudio.TestDiscoverer.fsproj", "{75D1134F-99B0-4753-8481-D241DC314C73}"
EndProject
Project("{930C7802-8A8C-48F9-8165-68863BCCD9DD}") = "Persimmon.VisualStudio.TestExplorer.Setup", "Persimmon.VisualStudio.TestExplorer.Setup\Persimmon.VisualStudio.TestExplorer.Setup.wixproj", "{B64D7678-C82B-4CBD-896A-525E3CE03C97}"
	ProjectSection(ProjectDependencies) = postProject
		{E7226D5A-7306-41D2-8A30-435728FD604B} = {E7226D5A-7306-41D2-8A30-435728FD604B}
		{4F2D32B2-0CC1-48E2-A186-81188BEB2A64} = {4F2D32B2-0CC1-48E2-A186-81188BEB2A64}
	EndProjectSection
EndProject
Global
	GlobalSection(SolutionConfigurationPlatforms) = preSolution
		Debug|Any CPU = Debug|Any CPU
		Release|Any CPU = Release|Any CPU
	EndGlobalSection
	GlobalSection(ProjectConfigurationPlatforms) = postSolution
		{E7226D5A-7306-41D2-8A30-435728FD604B}.Debug|Any CPU.ActiveCfg = Debug|Any CPU
		{E7226D5A-7306-41D2-8A30-435728FD604B}.Debug|Any CPU.Build.0 = Debug|Any CPU
		{E7226D5A-7306-41D2-8A30-435728FD604B}.Release|Any CPU.ActiveCfg = Release|Any CPU
		{E7226D5A-7306-41D2-8A30-435728FD604B}.Release|Any CPU.Build.0 = Release|Any CPU
		{4F2D32B2-0CC1-48E2-A186-81188BEB2A64}.Debug|Any CPU.ActiveCfg = Debug|Any CPU
		{4F2D32B2-0CC1-48E2-A186-81188BEB2A64}.Debug|Any CPU.Build.0 = Debug|Any CPU
		{4F2D32B2-0CC1-48E2-A186-81188BEB2A64}.Release|Any CPU.ActiveCfg = Release|Any CPU
		{4F2D32B2-0CC1-48E2-A186-81188BEB2A64}.Release|Any CPU.Build.0 = Release|Any CPU
		{75D1134F-99B0-4753-8481-D241DC314C73}.Debug|Any CPU.ActiveCfg = Debug|Any CPU
		{75D1134F-99B0-4753-8481-D241DC314C73}.Debug|Any CPU.Build.0 = Debug|Any CPU
		{75D1134F-99B0-4753-8481-D241DC314C73}.Release|Any CPU.ActiveCfg = Release|Any CPU
		{75D1134F-99B0-4753-8481-D241DC314C73}.Release|Any CPU.Build.0 = Release|Any CPU
		{B64D7678-C82B-4CBD-896A-525E3CE03C97}.Debug|Any CPU.ActiveCfg = Debug|x86
		{B64D7678-C82B-4CBD-896A-525E3CE03C97}.Debug|Any CPU.Build.0 = Debug|x86
		{B64D7678-C82B-4CBD-896A-525E3CE03C97}.Release|Any CPU.ActiveCfg = Release|x86
		{B64D7678-C82B-4CBD-896A-525E3CE03C97}.Release|Any CPU.Build.0 = Release|x86
	EndGlobalSection
	GlobalSection(SolutionProperties) = preSolution
		HideSolutionNode = FALSE
	EndGlobalSection
EndGlobal
