Microsoft Visual Studio Solution File, Format Version 12.00
# Visual Studio 15
VisualStudioVersion = 15.0.26124.0
MinimumVisualStudioVersion = 15.0.26124.0
Project("{2150E333-8FDC-42A3-9474-1A3956D46DE8}") = "src", "src", "{1C591602-3361-4260-8BEB-0EA5A0767CC7}"
EndProject
Project("{9A19103F-16F7-4668-BE54-9A1E7A4F7556}") = "Persimmon.TestRunner", "src\Persimmon.TestRunner\Persimmon.TestRunner.csproj", "{4B6B069E-BB34-46E2-97A2-9D341DB6152D}"
EndProject
Project("{6EC3EE1D-3C4E-46DD-8F32-0CC8E7565705}") = "Persimmon.TestDiscoverer", "src\Persimmon.TestDiscoverer\Persimmon.TestDiscoverer.fsproj", "{F3F76A1E-0892-48E3-AC19-FDB99EE3BDD8}"
EndProject
Project("{9A19103F-16F7-4668-BE54-9A1E7A4F7556}") = "Persimmon.TestAdapter", "src\Persimmon.TestAdapter\Persimmon.TestAdapter.csproj", "{F41D9DF5-27AE-4918-A061-ECA644928CD7}"
EndProject
Project("{2150E333-8FDC-42A3-9474-1A3956D46DE8}") = "tests", "tests", "{538A2756-A0BC-43C3-AA30-6719344B4410}"
EndProject
Project("{6EC3EE1D-3C4E-46DD-8F32-0CC8E7565705}") = "Persimmon.TestAdapter.NETCore.Tests", "tests\Persimmon.TestAdapter.NETCore.Tests\Persimmon.TestAdapter.NETCore.Tests.fsproj", "{A4028168-D24D-42E1-8125-328C92FBC015}"
EndProject
Project("{6EC3EE1D-3C4E-46DD-8F32-0CC8E7565705}") = "Persimmon.TestAdapter.Tests", "tests\Persimmon.TestAdapter.Tests\Persimmon.TestAdapter.Tests.fsproj", "{C265494C-4954-438F-A668-DA7C7B4820BC}"
EndProject
Global
	GlobalSection(SolutionConfigurationPlatforms) = preSolution
		Debug|Any CPU = Debug|Any CPU
		Debug|x64 = Debug|x64
		Debug|x86 = Debug|x86
		Release|Any CPU = Release|Any CPU
		Release|x64 = Release|x64
		Release|x86 = Release|x86
	EndGlobalSection
	GlobalSection(ProjectConfigurationPlatforms) = postSolution
		{4B6B069E-BB34-46E2-97A2-9D341DB6152D}.Debug|Any CPU.ActiveCfg = Debug|Any CPU
		{4B6B069E-BB34-46E2-97A2-9D341DB6152D}.Debug|Any CPU.Build.0 = Debug|Any CPU
		{4B6B069E-BB34-46E2-97A2-9D341DB6152D}.Debug|x64.ActiveCfg = Debug|Any CPU
		{4B6B069E-BB34-46E2-97A2-9D341DB6152D}.Debug|x64.Build.0 = Debug|Any CPU
		{4B6B069E-BB34-46E2-97A2-9D341DB6152D}.Debug|x86.ActiveCfg = Debug|Any CPU
		{4B6B069E-BB34-46E2-97A2-9D341DB6152D}.Debug|x86.Build.0 = Debug|Any CPU
		{4B6B069E-BB34-46E2-97A2-9D341DB6152D}.Release|Any CPU.ActiveCfg = Release|Any CPU
		{4B6B069E-BB34-46E2-97A2-9D341DB6152D}.Release|Any CPU.Build.0 = Release|Any CPU
		{4B6B069E-BB34-46E2-97A2-9D341DB6152D}.Release|x64.ActiveCfg = Release|Any CPU
		{4B6B069E-BB34-46E2-97A2-9D341DB6152D}.Release|x64.Build.0 = Release|Any CPU
		{4B6B069E-BB34-46E2-97A2-9D341DB6152D}.Release|x86.ActiveCfg = Release|Any CPU
		{4B6B069E-BB34-46E2-97A2-9D341DB6152D}.Release|x86.Build.0 = Release|Any CPU
		{F3F76A1E-0892-48E3-AC19-FDB99EE3BDD8}.Debug|Any CPU.ActiveCfg = Debug|Any CPU
		{F3F76A1E-0892-48E3-AC19-FDB99EE3BDD8}.Debug|Any CPU.Build.0 = Debug|Any CPU
		{F3F76A1E-0892-48E3-AC19-FDB99EE3BDD8}.Debug|x64.ActiveCfg = Debug|Any CPU
		{F3F76A1E-0892-48E3-AC19-FDB99EE3BDD8}.Debug|x64.Build.0 = Debug|Any CPU
		{F3F76A1E-0892-48E3-AC19-FDB99EE3BDD8}.Debug|x86.ActiveCfg = Debug|Any CPU
		{F3F76A1E-0892-48E3-AC19-FDB99EE3BDD8}.Debug|x86.Build.0 = Debug|Any CPU
		{F3F76A1E-0892-48E3-AC19-FDB99EE3BDD8}.Release|Any CPU.ActiveCfg = Release|Any CPU
		{F3F76A1E-0892-48E3-AC19-FDB99EE3BDD8}.Release|Any CPU.Build.0 = Release|Any CPU
		{F3F76A1E-0892-48E3-AC19-FDB99EE3BDD8}.Release|x64.ActiveCfg = Release|Any CPU
		{F3F76A1E-0892-48E3-AC19-FDB99EE3BDD8}.Release|x64.Build.0 = Release|Any CPU
		{F3F76A1E-0892-48E3-AC19-FDB99EE3BDD8}.Release|x86.ActiveCfg = Release|Any CPU
		{F3F76A1E-0892-48E3-AC19-FDB99EE3BDD8}.Release|x86.Build.0 = Release|Any CPU
		{F41D9DF5-27AE-4918-A061-ECA644928CD7}.Debug|Any CPU.ActiveCfg = Debug|Any CPU
		{F41D9DF5-27AE-4918-A061-ECA644928CD7}.Debug|Any CPU.Build.0 = Debug|Any CPU
		{F41D9DF5-27AE-4918-A061-ECA644928CD7}.Debug|x64.ActiveCfg = Debug|Any CPU
		{F41D9DF5-27AE-4918-A061-ECA644928CD7}.Debug|x64.Build.0 = Debug|Any CPU
		{F41D9DF5-27AE-4918-A061-ECA644928CD7}.Debug|x86.ActiveCfg = Debug|Any CPU
		{F41D9DF5-27AE-4918-A061-ECA644928CD7}.Debug|x86.Build.0 = Debug|Any CPU
		{F41D9DF5-27AE-4918-A061-ECA644928CD7}.Release|Any CPU.ActiveCfg = Release|Any CPU
		{F41D9DF5-27AE-4918-A061-ECA644928CD7}.Release|Any CPU.Build.0 = Release|Any CPU
		{F41D9DF5-27AE-4918-A061-ECA644928CD7}.Release|x64.ActiveCfg = Release|Any CPU
		{F41D9DF5-27AE-4918-A061-ECA644928CD7}.Release|x64.Build.0 = Release|Any CPU
		{F41D9DF5-27AE-4918-A061-ECA644928CD7}.Release|x86.ActiveCfg = Release|Any CPU
		{F41D9DF5-27AE-4918-A061-ECA644928CD7}.Release|x86.Build.0 = Release|Any CPU
		{A4028168-D24D-42E1-8125-328C92FBC015}.Debug|Any CPU.ActiveCfg = Debug|Any CPU
		{A4028168-D24D-42E1-8125-328C92FBC015}.Debug|Any CPU.Build.0 = Debug|Any CPU
		{A4028168-D24D-42E1-8125-328C92FBC015}.Debug|x64.ActiveCfg = Debug|Any CPU
		{A4028168-D24D-42E1-8125-328C92FBC015}.Debug|x64.Build.0 = Debug|Any CPU
		{A4028168-D24D-42E1-8125-328C92FBC015}.Debug|x86.ActiveCfg = Debug|Any CPU
		{A4028168-D24D-42E1-8125-328C92FBC015}.Debug|x86.Build.0 = Debug|Any CPU
		{A4028168-D24D-42E1-8125-328C92FBC015}.Release|Any CPU.ActiveCfg = Release|Any CPU
		{A4028168-D24D-42E1-8125-328C92FBC015}.Release|Any CPU.Build.0 = Release|Any CPU
		{A4028168-D24D-42E1-8125-328C92FBC015}.Release|x64.ActiveCfg = Release|Any CPU
		{A4028168-D24D-42E1-8125-328C92FBC015}.Release|x64.Build.0 = Release|Any CPU
		{A4028168-D24D-42E1-8125-328C92FBC015}.Release|x86.ActiveCfg = Release|Any CPU
		{A4028168-D24D-42E1-8125-328C92FBC015}.Release|x86.Build.0 = Release|Any CPU
		{C265494C-4954-438F-A668-DA7C7B4820BC}.Debug|Any CPU.ActiveCfg = Debug|Any CPU
		{C265494C-4954-438F-A668-DA7C7B4820BC}.Debug|Any CPU.Build.0 = Debug|Any CPU
		{C265494C-4954-438F-A668-DA7C7B4820BC}.Debug|x64.ActiveCfg = Debug|Any CPU
		{C265494C-4954-438F-A668-DA7C7B4820BC}.Debug|x64.Build.0 = Debug|Any CPU
		{C265494C-4954-438F-A668-DA7C7B4820BC}.Debug|x86.ActiveCfg = Debug|Any CPU
		{C265494C-4954-438F-A668-DA7C7B4820BC}.Debug|x86.Build.0 = Debug|Any CPU
		{C265494C-4954-438F-A668-DA7C7B4820BC}.Release|Any CPU.ActiveCfg = Release|Any CPU
		{C265494C-4954-438F-A668-DA7C7B4820BC}.Release|Any CPU.Build.0 = Release|Any CPU
		{C265494C-4954-438F-A668-DA7C7B4820BC}.Release|x64.ActiveCfg = Release|Any CPU
		{C265494C-4954-438F-A668-DA7C7B4820BC}.Release|x64.Build.0 = Release|Any CPU
		{C265494C-4954-438F-A668-DA7C7B4820BC}.Release|x86.ActiveCfg = Release|Any CPU
		{C265494C-4954-438F-A668-DA7C7B4820BC}.Release|x86.Build.0 = Release|Any CPU
	EndGlobalSection
	GlobalSection(SolutionProperties) = preSolution
		HideSolutionNode = FALSE
	EndGlobalSection
	GlobalSection(NestedProjects) = preSolution
		{4B6B069E-BB34-46E2-97A2-9D341DB6152D} = {1C591602-3361-4260-8BEB-0EA5A0767CC7}
		{F3F76A1E-0892-48E3-AC19-FDB99EE3BDD8} = {1C591602-3361-4260-8BEB-0EA5A0767CC7}
		{F41D9DF5-27AE-4918-A061-ECA644928CD7} = {1C591602-3361-4260-8BEB-0EA5A0767CC7}
		{A4028168-D24D-42E1-8125-328C92FBC015} = {538A2756-A0BC-43C3-AA30-6719344B4410}
		{C265494C-4954-438F-A668-DA7C7B4820BC} = {538A2756-A0BC-43C3-AA30-6719344B4410}
	EndGlobalSection
	GlobalSection(ExtensibilityGlobals) = postSolution
		SolutionGuid = {F1F58130-89BC-46C1-8470-3A6D9F58B668}
	EndGlobalSection
EndGlobal
